
Microsoft Visual Studio Solution File, Format Version 12.00
# Visual Studio 14
VisualStudioVersion = 14.0.23107.0
MinimumVisualStudioVersion = 10.0.40219.1
Project("{FAE04EC0-301F-11D3-BF4B-00C04F79EFBC}") = "WCFServices", "WCFServices\WCFServices.csproj", "{2F965671-4C57-480E-98F6-725C278B93A9}"
EndProject
Project("{FAE04EC0-301F-11D3-BF4B-00C04F79EFBC}") = "WCFInterface", "WCFInterface\WCFInterface.csproj", "{79287C34-2836-4BEA-BF3D-CB4DB9F35F15}"
EndProject
Project("{FAE04EC0-301F-11D3-BF4B-00C04F79EFBC}") = "WCFDataContract", "WCFDataContract\WCFDataContract.csproj", "{5FC37E2C-1E3B-415C-B4B8-BB0B1866483D}"
EndProject
Project("{FAE04EC0-301F-11D3-BF4B-00C04F79EFBC}") = "host", "host\host.csproj", "{C203969F-3306-4482-8E7A-B15EAC72C34B}"
EndProject
Project("{FAE04EC0-301F-11D3-BF4B-00C04F79EFBC}") = "Joueur 1", "Joueur 1\Joueur 1.csproj", "{6361FB69-118A-44C6-B4F1-1AD80B5CE75B}"
EndProject
Project("{FAE04EC0-301F-11D3-BF4B-00C04F79EFBC}") = "Joueur 2", "Joueur 2\Joueur 2.csproj", "{29DA7801-35B3-4CB8-91E2-AC9E20E197A1}"
EndProject
Global
	GlobalSection(SolutionConfigurationPlatforms) = preSolution
		Debug|Any CPU = Debug|Any CPU
		Release|Any CPU = Release|Any CPU
	EndGlobalSection
	GlobalSection(ProjectConfigurationPlatforms) = postSolution
		{2F965671-4C57-480E-98F6-725C278B93A9}.Debug|Any CPU.ActiveCfg = Debug|Any CPU
		{2F965671-4C57-480E-98F6-725C278B93A9}.Debug|Any CPU.Build.0 = Debug|Any CPU
		{2F965671-4C57-480E-98F6-725C278B93A9}.Release|Any CPU.ActiveCfg = Release|Any CPU
		{2F965671-4C57-480E-98F6-725C278B93A9}.Release|Any CPU.Build.0 = Release|Any CPU
		{79287C34-2836-4BEA-BF3D-CB4DB9F35F15}.Debug|Any CPU.ActiveCfg = Debug|Any CPU
		{79287C34-2836-4BEA-BF3D-CB4DB9F35F15}.Debug|Any CPU.Build.0 = Debug|Any CPU
		{79287C34-2836-4BEA-BF3D-CB4DB9F35F15}.Release|Any CPU.ActiveCfg = Release|Any CPU
		{79287C34-2836-4BEA-BF3D-CB4DB9F35F15}.Release|Any CPU.Build.0 = Release|Any CPU
		{5FC37E2C-1E3B-415C-B4B8-BB0B1866483D}.Debug|Any CPU.ActiveCfg = Debug|Any CPU
		{5FC37E2C-1E3B-415C-B4B8-BB0B1866483D}.Debug|Any CPU.Build.0 = Debug|Any CPU
		{5FC37E2C-1E3B-415C-B4B8-BB0B1866483D}.Release|Any CPU.ActiveCfg = Release|Any CPU
		{5FC37E2C-1E3B-415C-B4B8-BB0B1866483D}.Release|Any CPU.Build.0 = Release|Any CPU
		{C203969F-3306-4482-8E7A-B15EAC72C34B}.Debug|Any CPU.ActiveCfg = Debug|Any CPU
		{C203969F-3306-4482-8E7A-B15EAC72C34B}.Debug|Any CPU.Build.0 = Debug|Any CPU
		{C203969F-3306-4482-8E7A-B15EAC72C34B}.Release|Any CPU.ActiveCfg = Release|Any CPU
		{C203969F-3306-4482-8E7A-B15EAC72C34B}.Release|Any CPU.Build.0 = Release|Any CPU
		{6361FB69-118A-44C6-B4F1-1AD80B5CE75B}.Debug|Any CPU.ActiveCfg = Debug|Any CPU
		{6361FB69-118A-44C6-B4F1-1AD80B5CE75B}.Debug|Any CPU.Build.0 = Debug|Any CPU
		{6361FB69-118A-44C6-B4F1-1AD80B5CE75B}.Release|Any CPU.ActiveCfg = Release|Any CPU
		{6361FB69-118A-44C6-B4F1-1AD80B5CE75B}.Release|Any CPU.Build.0 = Release|Any CPU
		{29DA7801-35B3-4CB8-91E2-AC9E20E197A1}.Debug|Any CPU.ActiveCfg = Debug|Any CPU
		{29DA7801-35B3-4CB8-91E2-AC9E20E197A1}.Debug|Any CPU.Build.0 = Debug|Any CPU
		{29DA7801-35B3-4CB8-91E2-AC9E20E197A1}.Release|Any CPU.ActiveCfg = Release|Any CPU
		{29DA7801-35B3-4CB8-91E2-AC9E20E197A1}.Release|Any CPU.Build.0 = Release|Any CPU
	EndGlobalSection
	GlobalSection(SolutionProperties) = preSolution
		HideSolutionNode = FALSE
	EndGlobalSection
EndGlobal
